
Microsoft Visual Studio Solution File, Format Version 12.00
# Visual Studio Version 17
VisualStudioVersion = 17.4.33205.214
MinimumVisualStudioVersion = 10.0.40219.1
Project("{888888A0-9F3D-457C-B088-3A5042F75D52}") = "Rythm Game", "Rythm Game.pyproj", "{90FAF838-4802-4F14-B4D6-F73B2F3761D9}"
EndProject
Global
	GlobalSection(SolutionConfigurationPlatforms) = preSolution
		Debug|Any CPU = Debug|Any CPU
		Release|Any CPU = Release|Any CPU
	EndGlobalSection
	GlobalSection(ProjectConfigurationPlatforms) = postSolution
		{90FAF838-4802-4F14-B4D6-F73B2F3761D9}.Debug|Any CPU.ActiveCfg = Debug|Any CPU
		{90FAF838-4802-4F14-B4D6-F73B2F3761D9}.Release|Any CPU.ActiveCfg = Release|Any CPU
	EndGlobalSection
	GlobalSection(SolutionProperties) = preSolution
		HideSolutionNode = FALSE
	EndGlobalSection
	GlobalSection(ExtensibilityGlobals) = postSolution
		SolutionGuid = {17A87416-308A-4450-B66C-9F26C74CB11D}
	EndGlobalSection
EndGlobal
